// !$*UTF8*$!
{
	archiveVersion = 1;
	classes = {
	};
	objectVersion = 55;
	objects = {

/* Begin PBXBuildFile section */
		C17F58602837EF27005F07B9 /* AppDelegate.swift in Sources */ = {isa = PBXBuildFile; fileRef = C17F585F2837EF27005F07B9 /* AppDelegate.swift */; };
		C17F58692837EF27005F07B9 /* Assets.xcassets in Resources */ = {isa = PBXBuildFile; fileRef = C17F58682837EF27005F07B9 /* Assets.xcassets */; };
		C17F586C2837EF27005F07B9 /* LaunchScreen.storyboard in Resources */ = {isa = PBXBuildFile; fileRef = C17F586A2837EF27005F07B9 /* LaunchScreen.storyboard */; };
		C17F58772837EF27005F07B9 /* MovieHubTests.swift in Sources */ = {isa = PBXBuildFile; fileRef = C17F58762837EF27005F07B9 /* MovieHubTests.swift */; };
		C17F58812837EF27005F07B9 /* MovieHubUITests.swift in Sources */ = {isa = PBXBuildFile; fileRef = C17F58802837EF27005F07B9 /* MovieHubUITests.swift */; };
		C17F58832837EF27005F07B9 /* MovieHubUITestsLaunchTests.swift in Sources */ = {isa = PBXBuildFile; fileRef = C17F58822837EF27005F07B9 /* MovieHubUITestsLaunchTests.swift */; };
		C17F58962837F5EB005F07B9 /* MovieListViewController.swift in Sources */ = {isa = PBXBuildFile; fileRef = C17F58942837F5EB005F07B9 /* MovieListViewController.swift */; };
		C17F58972837F5EB005F07B9 /* MovieListViewController.xib in Resources */ = {isa = PBXBuildFile; fileRef = C17F58952837F5EB005F07B9 /* MovieListViewController.xib */; };
/* End PBXBuildFile section */

/* Begin PBXContainerItemProxy section */
		C17F58732837EF27005F07B9 /* PBXContainerItemProxy */ = {
			isa = PBXContainerItemProxy;
			containerPortal = C17F58542837EF26005F07B9 /* Project object */;
			proxyType = 1;
			remoteGlobalIDString = C17F585B2837EF27005F07B9;
			remoteInfo = MovieHub;
		};
		C17F587D2837EF27005F07B9 /* PBXContainerItemProxy */ = {
			isa = PBXContainerItemProxy;
			containerPortal = C17F58542837EF26005F07B9 /* Project object */;
			proxyType = 1;
			remoteGlobalIDString = C17F585B2837EF27005F07B9;
			remoteInfo = MovieHub;
		};
/* End PBXContainerItemProxy section */

/* Begin PBXFileReference section */
		C17F585C2837EF27005F07B9 /* MovieHub.app */ = {isa = PBXFileReference; explicitFileType = wrapper.application; includeInIndex = 0; path = MovieHub.app; sourceTree = BUILT_PRODUCTS_DIR; };
		C17F585F2837EF27005F07B9 /* AppDelegate.swift */ = {isa = PBXFileReference; lastKnownFileType = sourcecode.swift; path = AppDelegate.swift; sourceTree = "<group>"; };
		C17F58682837EF27005F07B9 /* Assets.xcassets */ = {isa = PBXFileReference; lastKnownFileType = folder.assetcatalog; path = Assets.xcassets; sourceTree = "<group>"; };
		C17F586B2837EF27005F07B9 /* Base */ = {isa = PBXFileReference; lastKnownFileType = file.storyboard; name = Base; path = Base.lproj/LaunchScreen.storyboard; sourceTree = "<group>"; };
		C17F586D2837EF27005F07B9 /* Info.plist */ = {isa = PBXFileReference; lastKnownFileType = text.plist.xml; path = Info.plist; sourceTree = "<group>"; };
		C17F58722837EF27005F07B9 /* MovieHubTests.xctest */ = {isa = PBXFileReference; explicitFileType = wrapper.cfbundle; includeInIndex = 0; path = MovieHubTests.xctest; sourceTree = BUILT_PRODUCTS_DIR; };
		C17F58762837EF27005F07B9 /* MovieHubTests.swift */ = {isa = PBXFileReference; lastKnownFileType = sourcecode.swift; path = MovieHubTests.swift; sourceTree = "<group>"; };
		C17F587C2837EF27005F07B9 /* MovieHubUITests.xctest */ = {isa = PBXFileReference; explicitFileType = wrapper.cfbundle; includeInIndex = 0; path = MovieHubUITests.xctest; sourceTree = BUILT_PRODUCTS_DIR; };
		C17F58802837EF27005F07B9 /* MovieHubUITests.swift */ = {isa = PBXFileReference; lastKnownFileType = sourcecode.swift; path = MovieHubUITests.swift; sourceTree = "<group>"; };
		C17F58822837EF27005F07B9 /* MovieHubUITestsLaunchTests.swift */ = {isa = PBXFileReference; lastKnownFileType = sourcecode.swift; path = MovieHubUITestsLaunchTests.swift; sourceTree = "<group>"; };
		C17F58942837F5EB005F07B9 /* MovieListViewController.swift */ = {isa = PBXFileReference; lastKnownFileType = sourcecode.swift; path = MovieListViewController.swift; sourceTree = "<group>"; };
		C17F58952837F5EB005F07B9 /* MovieListViewController.xib */ = {isa = PBXFileReference; lastKnownFileType = file.xib; path = MovieListViewController.xib; sourceTree = "<group>"; };
/* End PBXFileReference section */

/* Begin PBXFrameworksBuildPhase section */
		C17F58592837EF27005F07B9 /* Frameworks */ = {
			isa = PBXFrameworksBuildPhase;
			buildActionMask = 2147483647;
			files = (
			);
			runOnlyForDeploymentPostprocessing = 0;
		};
		C17F586F2837EF27005F07B9 /* Frameworks */ = {
			isa = PBXFrameworksBuildPhase;
			buildActionMask = 2147483647;
			files = (
			);
			runOnlyForDeploymentPostprocessing = 0;
		};
		C17F58792837EF27005F07B9 /* Frameworks */ = {
			isa = PBXFrameworksBuildPhase;
			buildActionMask = 2147483647;
			files = (
			);
			runOnlyForDeploymentPostprocessing = 0;
		};
/* End PBXFrameworksBuildPhase section */

/* Begin PBXGroup section */
		C17F58532837EF26005F07B9 = {
			isa = PBXGroup;
			children = (
				C17F585E2837EF27005F07B9 /* MovieHub */,
				C17F58752837EF27005F07B9 /* MovieHubTests */,
				C17F587F2837EF27005F07B9 /* MovieHubUITests */,
				C17F585D2837EF27005F07B9 /* Products */,
			);
			sourceTree = "<group>";
		};
		C17F585D2837EF27005F07B9 /* Products */ = {
			isa = PBXGroup;
			children = (
				C17F585C2837EF27005F07B9 /* MovieHub.app */,
				C17F58722837EF27005F07B9 /* MovieHubTests.xctest */,
				C17F587C2837EF27005F07B9 /* MovieHubUITests.xctest */,
			);
			name = Products;
			sourceTree = "<group>";
		};
		C17F585E2837EF27005F07B9 /* MovieHub */ = {
			isa = PBXGroup;
			children = (
				C17F588F2837EFDE005F07B9 /* shared */,
				C17F58902837EFF1005F07B9 /* Network */,
				C17F58912837F229005F07B9 /* Scenes */,
				C17F58982837F82A005F07B9 /* Resources */,
				C17F58992837F838005F07B9 /* Supporting Files */,
				C17F585F2837EF27005F07B9 /* AppDelegate.swift */,
			);
			path = MovieHub;
			sourceTree = "<group>";
		};
		C17F58752837EF27005F07B9 /* MovieHubTests */ = {
			isa = PBXGroup;
			children = (
				C17F58762837EF27005F07B9 /* MovieHubTests.swift */,
			);
			path = MovieHubTests;
			sourceTree = "<group>";
		};
		C17F587F2837EF27005F07B9 /* MovieHubUITests */ = {
			isa = PBXGroup;
			children = (
				C17F58802837EF27005F07B9 /* MovieHubUITests.swift */,
				C17F58822837EF27005F07B9 /* MovieHubUITestsLaunchTests.swift */,
			);
			path = MovieHubUITests;
			sourceTree = "<group>";
		};
		C17F588F2837EFDE005F07B9 /* shared */ = {
			isa = PBXGroup;
			children = (
			);
			path = shared;
			sourceTree = "<group>";
		};
		C17F58902837EFF1005F07B9 /* Network */ = {
			isa = PBXGroup;
			children = (
			);
			path = Network;
			sourceTree = "<group>";
		};
		C17F58912837F229005F07B9 /* Scenes */ = {
			isa = PBXGroup;
			children = (
				C17F58922837F245005F07B9 /* Movie */,
			);
			path = Scenes;
			sourceTree = "<group>";
		};
		C17F58922837F245005F07B9 /* Movie */ = {
			isa = PBXGroup;
			children = (
				C17F58932837F24F005F07B9 /* Movie List */,
			);
			path = Movie;
			sourceTree = "<group>";
		};
		C17F58932837F24F005F07B9 /* Movie List */ = {
			isa = PBXGroup;
			children = (
				C17F58942837F5EB005F07B9 /* MovieListViewController.swift */,
				C17F58952837F5EB005F07B9 /* MovieListViewController.xib */,
			);
			path = "Movie List";
			sourceTree = "<group>";
		};
		C17F58982837F82A005F07B9 /* Resources */ = {
			isa = PBXGroup;
			children = (
				C17F586D2837EF27005F07B9 /* Info.plist */,
			);
			path = Resources;
			sourceTree = "<group>";
		};
		C17F58992837F838005F07B9 /* Supporting Files */ = {
			isa = PBXGroup;
			children = (
				C17F58682837EF27005F07B9 /* Assets.xcassets */,
				C17F586A2837EF27005F07B9 /* LaunchScreen.storyboard */,
			);
			path = "Supporting Files";
			sourceTree = "<group>";
		};
/* End PBXGroup section */

/* Begin PBXNativeTarget section */
		C17F585B2837EF27005F07B9 /* MovieHub */ = {
			isa = PBXNativeTarget;
			buildConfigurationList = C17F58862837EF27005F07B9 /* Build configuration list for PBXNativeTarget "MovieHub" */;
			buildPhases = (
				C17F58582837EF27005F07B9 /* Sources */,
				C17F58592837EF27005F07B9 /* Frameworks */,
				C17F585A2837EF27005F07B9 /* Resources */,
			);
			buildRules = (
			);
			dependencies = (
			);
			name = MovieHub;
			productName = MovieHub;
			productReference = C17F585C2837EF27005F07B9 /* MovieHub.app */;
			productType = "com.apple.product-type.application";
		};
		C17F58712837EF27005F07B9 /* MovieHubTests */ = {
			isa = PBXNativeTarget;
			buildConfigurationList = C17F58892837EF27005F07B9 /* Build configuration list for PBXNativeTarget "MovieHubTests" */;
			buildPhases = (
				C17F586E2837EF27005F07B9 /* Sources */,
				C17F586F2837EF27005F07B9 /* Frameworks */,
				C17F58702837EF27005F07B9 /* Resources */,
			);
			buildRules = (
			);
			dependencies = (
				C17F58742837EF27005F07B9 /* PBXTargetDependency */,
			);
			name = MovieHubTests;
			productName = MovieHubTests;
			productReference = C17F58722837EF27005F07B9 /* MovieHubTests.xctest */;
			productType = "com.apple.product-type.bundle.unit-test";
		};
		C17F587B2837EF27005F07B9 /* MovieHubUITests */ = {
			isa = PBXNativeTarget;
			buildConfigurationList = C17F588C2837EF27005F07B9 /* Build configuration list for PBXNativeTarget "MovieHubUITests" */;
			buildPhases = (
				C17F58782837EF27005F07B9 /* Sources */,
				C17F58792837EF27005F07B9 /* Frameworks */,
				C17F587A2837EF27005F07B9 /* Resources */,
			);
			buildRules = (
			);
			dependencies = (
				C17F587E2837EF27005F07B9 /* PBXTargetDependency */,
			);
			name = MovieHubUITests;
			productName = MovieHubUITests;
			productReference = C17F587C2837EF27005F07B9 /* MovieHubUITests.xctest */;
			productType = "com.apple.product-type.bundle.ui-testing";
		};
/* End PBXNativeTarget section */

/* Begin PBXProject section */
		C17F58542837EF26005F07B9 /* Project object */ = {
			isa = PBXProject;
			attributes = {
				BuildIndependentTargetsInParallel = 1;
				LastSwiftUpdateCheck = 1330;
				LastUpgradeCheck = 1330;
				TargetAttributes = {
					C17F585B2837EF27005F07B9 = {
						CreatedOnToolsVersion = 13.3.1;
					};
					C17F58712837EF27005F07B9 = {
						CreatedOnToolsVersion = 13.3.1;
						TestTargetID = C17F585B2837EF27005F07B9;
					};
					C17F587B2837EF27005F07B9 = {
						CreatedOnToolsVersion = 13.3.1;
						TestTargetID = C17F585B2837EF27005F07B9;
					};
				};
			};
			buildConfigurationList = C17F58572837EF26005F07B9 /* Build configuration list for PBXProject "MovieHub" */;
			compatibilityVersion = "Xcode 13.0";
			developmentRegion = en;
			hasScannedForEncodings = 0;
			knownRegions = (
				en,
				Base,
			);
			mainGroup = C17F58532837EF26005F07B9;
			productRefGroup = C17F585D2837EF27005F07B9 /* Products */;
			projectDirPath = "";
			projectRoot = "";
			targets = (
				C17F585B2837EF27005F07B9 /* MovieHub */,
				C17F58712837EF27005F07B9 /* MovieHubTests */,
				C17F587B2837EF27005F07B9 /* MovieHubUITests */,
			);
		};
/* End PBXProject section */

/* Begin PBXResourcesBuildPhase section */
		C17F585A2837EF27005F07B9 /* Resources */ = {
			isa = PBXResourcesBuildPhase;
			buildActionMask = 2147483647;
			files = (
				C17F58972837F5EB005F07B9 /* MovieListViewController.xib in Resources */,
				C17F586C2837EF27005F07B9 /* LaunchScreen.storyboard in Resources */,
				C17F58692837EF27005F07B9 /* Assets.xcassets in Resources */,
			);
			runOnlyForDeploymentPostprocessing = 0;
		};
		C17F58702837EF27005F07B9 /* Resources */ = {
			isa = PBXResourcesBuildPhase;
			buildActionMask = 2147483647;
			files = (
			);
			runOnlyForDeploymentPostprocessing = 0;
		};
		C17F587A2837EF27005F07B9 /* Resources */ = {
			isa = PBXResourcesBuildPhase;
			buildActionMask = 2147483647;
			files = (
			);
			runOnlyForDeploymentPostprocessing = 0;
		};
/* End PBXResourcesBuildPhase section */

/* Begin PBXSourcesBuildPhase section */
		C17F58582837EF27005F07B9 /* Sources */ = {
			isa = PBXSourcesBuildPhase;
			buildActionMask = 2147483647;
			files = (
				C17F58602837EF27005F07B9 /* AppDelegate.swift in Sources */,
				C17F58962837F5EB005F07B9 /* MovieListViewController.swift in Sources */,
			);
			runOnlyForDeploymentPostprocessing = 0;
		};
		C17F586E2837EF27005F07B9 /* Sources */ = {
			isa = PBXSourcesBuildPhase;
			buildActionMask = 2147483647;
			files = (
				C17F58772837EF27005F07B9 /* MovieHubTests.swift in Sources */,
			);
			runOnlyForDeploymentPostprocessing = 0;
		};
		C17F58782837EF27005F07B9 /* Sources */ = {
			isa = PBXSourcesBuildPhase;
			buildActionMask = 2147483647;
			files = (
				C17F58832837EF27005F07B9 /* MovieHubUITestsLaunchTests.swift in Sources */,
				C17F58812837EF27005F07B9 /* MovieHubUITests.swift in Sources */,
			);
			runOnlyForDeploymentPostprocessing = 0;
		};
/* End PBXSourcesBuildPhase section */

/* Begin PBXTargetDependency section */
		C17F58742837EF27005F07B9 /* PBXTargetDependency */ = {
			isa = PBXTargetDependency;
			target = C17F585B2837EF27005F07B9 /* MovieHub */;
			targetProxy = C17F58732837EF27005F07B9 /* PBXContainerItemProxy */;
		};
		C17F587E2837EF27005F07B9 /* PBXTargetDependency */ = {
			isa = PBXTargetDependency;
			target = C17F585B2837EF27005F07B9 /* MovieHub */;
			targetProxy = C17F587D2837EF27005F07B9 /* PBXContainerItemProxy */;
		};
/* End PBXTargetDependency section */

/* Begin PBXVariantGroup section */
		C17F586A2837EF27005F07B9 /* LaunchScreen.storyboard */ = {
			isa = PBXVariantGroup;
			children = (
				C17F586B2837EF27005F07B9 /* Base */,
			);
			name = LaunchScreen.storyboard;
			sourceTree = "<group>";
		};
/* End PBXVariantGroup section */

/* Begin XCBuildConfiguration section */
		C17F58842837EF27005F07B9 /* Debug */ = {
			isa = XCBuildConfiguration;
			buildSettings = {
				ALWAYS_SEARCH_USER_PATHS = NO;
				CLANG_ANALYZER_NONNULL = YES;
				CLANG_ANALYZER_NUMBER_OBJECT_CONVERSION = YES_AGGRESSIVE;
				CLANG_CXX_LANGUAGE_STANDARD = "gnu++17";
				CLANG_ENABLE_MODULES = YES;
				CLANG_ENABLE_OBJC_ARC = YES;
				CLANG_ENABLE_OBJC_WEAK = YES;
				CLANG_WARN_BLOCK_CAPTURE_AUTORELEASING = YES;
				CLANG_WARN_BOOL_CONVERSION = YES;
				CLANG_WARN_COMMA = YES;
				CLANG_WARN_CONSTANT_CONVERSION = YES;
				CLANG_WARN_DEPRECATED_OBJC_IMPLEMENTATIONS = YES;
				CLANG_WARN_DIRECT_OBJC_ISA_USAGE = YES_ERROR;
				CLANG_WARN_DOCUMENTATION_COMMENTS = YES;
				CLANG_WARN_EMPTY_BODY = YES;
				CLANG_WARN_ENUM_CONVERSION = YES;
				CLANG_WARN_INFINITE_RECURSION = YES;
				CLANG_WARN_INT_CONVERSION = YES;
				CLANG_WARN_NON_LITERAL_NULL_CONVERSION = YES;
				CLANG_WARN_OBJC_IMPLICIT_RETAIN_SELF = YES;
				CLANG_WARN_OBJC_LITERAL_CONVERSION = YES;
				CLANG_WARN_OBJC_ROOT_CLASS = YES_ERROR;
				CLANG_WARN_QUOTED_INCLUDE_IN_FRAMEWORK_HEADER = YES;
				CLANG_WARN_RANGE_LOOP_ANALYSIS = YES;
				CLANG_WARN_STRICT_PROTOTYPES = YES;
				CLANG_WARN_SUSPICIOUS_MOVE = YES;
				CLANG_WARN_UNGUARDED_AVAILABILITY = YES_AGGRESSIVE;
				CLANG_WARN_UNREACHABLE_CODE = YES;
				CLANG_WARN__DUPLICATE_METHOD_MATCH = YES;
				COPY_PHASE_STRIP = NO;
				DEBUG_INFORMATION_FORMAT = dwarf;
				ENABLE_STRICT_OBJC_MSGSEND = YES;
				ENABLE_TESTABILITY = YES;
				GCC_C_LANGUAGE_STANDARD = gnu11;
				GCC_DYNAMIC_NO_PIC = NO;
				GCC_NO_COMMON_BLOCKS = YES;
				GCC_OPTIMIZATION_LEVEL = 0;
				GCC_PREPROCESSOR_DEFINITIONS = (
					"DEBUG=1",
					"$(inherited)",
				);
				GCC_WARN_64_TO_32_BIT_CONVERSION = YES;
				GCC_WARN_ABOUT_RETURN_TYPE = YES_ERROR;
				GCC_WARN_UNDECLARED_SELECTOR = YES;
				GCC_WARN_UNINITIALIZED_AUTOS = YES_AGGRESSIVE;
				GCC_WARN_UNUSED_FUNCTION = YES;
				GCC_WARN_UNUSED_VARIABLE = YES;
				IPHONEOS_DEPLOYMENT_TARGET = 15.4;
				MTL_ENABLE_DEBUG_INFO = INCLUDE_SOURCE;
				MTL_FAST_MATH = YES;
				ONLY_ACTIVE_ARCH = YES;
				SDKROOT = iphoneos;
				SWIFT_ACTIVE_COMPILATION_CONDITIONS = DEBUG;
				SWIFT_OPTIMIZATION_LEVEL = "-Onone";
			};
			name = Debug;
		};
		C17F58852837EF27005F07B9 /* Release */ = {
			isa = XCBuildConfiguration;
			buildSettings = {
				ALWAYS_SEARCH_USER_PATHS = NO;
				CLANG_ANALYZER_NONNULL = YES;
				CLANG_ANALYZER_NUMBER_OBJECT_CONVERSION = YES_AGGRESSIVE;
				CLANG_CXX_LANGUAGE_STANDARD = "gnu++17";
				CLANG_ENABLE_MODULES = YES;
				CLANG_ENABLE_OBJC_ARC = YES;
				CLANG_ENABLE_OBJC_WEAK = YES;
				CLANG_WARN_BLOCK_CAPTURE_AUTORELEASING = YES;
				CLANG_WARN_BOOL_CONVERSION = YES;
				CLANG_WARN_COMMA = YES;
				CLANG_WARN_CONSTANT_CONVERSION = YES;
				CLANG_WARN_DEPRECATED_OBJC_IMPLEMENTATIONS = YES;
				CLANG_WARN_DIRECT_OBJC_ISA_USAGE = YES_ERROR;
				CLANG_WARN_DOCUMENTATION_COMMENTS = YES;
				CLANG_WARN_EMPTY_BODY = YES;
				CLANG_WARN_ENUM_CONVERSION = YES;
				CLANG_WARN_INFINITE_RECURSION = YES;
				CLANG_WARN_INT_CONVERSION = YES;
				CLANG_WARN_NON_LITERAL_NULL_CONVERSION = YES;
				CLANG_WARN_OBJC_IMPLICIT_RETAIN_SELF = YES;
				CLANG_WARN_OBJC_LITERAL_CONVERSION = YES;
				CLANG_WARN_OBJC_ROOT_CLASS = YES_ERROR;
				CLANG_WARN_QUOTED_INCLUDE_IN_FRAMEWORK_HEADER = YES;
				CLANG_WARN_RANGE_LOOP_ANALYSIS = YES;
				CLANG_WARN_STRICT_PROTOTYPES = YES;
				CLANG_WARN_SUSPICIOUS_MOVE = YES;
				CLANG_WARN_UNGUARDED_AVAILABILITY = YES_AGGRESSIVE;
				CLANG_WARN_UNREACHABLE_CODE = YES;
				CLANG_WARN__DUPLICATE_METHOD_MATCH = YES;
				COPY_PHASE_STRIP = NO;
				DEBUG_INFORMATION_FORMAT = "dwarf-with-dsym";
				ENABLE_NS_ASSERTIONS = NO;
				ENABLE_STRICT_OBJC_MSGSEND = YES;
				GCC_C_LANGUAGE_STANDARD = gnu11;
				GCC_NO_COMMON_BLOCKS = YES;
				GCC_WARN_64_TO_32_BIT_CONVERSION = YES;
				GCC_WARN_ABOUT_RETURN_TYPE = YES_ERROR;
				GCC_WARN_UNDECLARED_SELECTOR = YES;
				GCC_WARN_UNINITIALIZED_AUTOS = YES_AGGRESSIVE;
				GCC_WARN_UNUSED_FUNCTION = YES;
				GCC_WARN_UNUSED_VARIABLE = YES;
				IPHONEOS_DEPLOYMENT_TARGET = 15.4;
				MTL_ENABLE_DEBUG_INFO = NO;
				MTL_FAST_MATH = YES;
				SDKROOT = iphoneos;
				SWIFT_COMPILATION_MODE = wholemodule;
				SWIFT_OPTIMIZATION_LEVEL = "-O";
				VALIDATE_PRODUCT = YES;
			};
			name = Release;
		};
		C17F58872837EF27005F07B9 /* Debug */ = {
			isa = XCBuildConfiguration;
			buildSettings = {
				ASSETCATALOG_COMPILER_APPICON_NAME = AppIcon;
				ASSETCATALOG_COMPILER_GLOBAL_ACCENT_COLOR_NAME = AccentColor;
				CODE_SIGN_STYLE = Automatic;
				CURRENT_PROJECT_VERSION = 1;
				DEVELOPMENT_TEAM = 94YXFGFLU5;
				GENERATE_INFOPLIST_FILE = YES;
				INFOPLIST_FILE = MovieHub/Resources/Info.plist;
				INFOPLIST_KEY_UIApplicationSupportsIndirectInputEvents = YES;
				INFOPLIST_KEY_UILaunchStoryboardName = LaunchScreen;
				INFOPLIST_KEY_UISupportedInterfaceOrientations_iPad = "UIInterfaceOrientationPortrait UIInterfaceOrientationPortraitUpsideDown UIInterfaceOrientationLandscapeLeft UIInterfaceOrientationLandscapeRight";
				INFOPLIST_KEY_UISupportedInterfaceOrientations_iPhone = "UIInterfaceOrientationPortrait UIInterfaceOrientationLandscapeLeft UIInterfaceOrientationLandscapeRight";
				LD_RUNPATH_SEARCH_PATHS = (
					"$(inherited)",
					"@executable_path/Frameworks",
				);
				MARKETING_VERSION = 1.0;
				PRODUCT_BUNDLE_IDENTIFIER = com.codelab.MovieHub;
				PRODUCT_NAME = "$(TARGET_NAME)";
				SWIFT_EMIT_LOC_STRINGS = YES;
				SWIFT_VERSION = 5.0;
				TARGETED_DEVICE_FAMILY = "1,2";
			};
			name = Debug;
		};
		C17F58882837EF27005F07B9 /* Release */ = {
			isa = XCBuildConfiguration;
			buildSettings = {
				ASSETCATALOG_COMPILER_APPICON_NAME = AppIcon;
				ASSETCATALOG_COMPILER_GLOBAL_ACCENT_COLOR_NAME = AccentColor;
				CODE_SIGN_STYLE = Automatic;
				CURRENT_PROJECT_VERSION = 1;
				DEVELOPMENT_TEAM = 94YXFGFLU5;
				GENERATE_INFOPLIST_FILE = YES;
				INFOPLIST_FILE = MovieHub/Resources/Info.plist;
				INFOPLIST_KEY_UIApplicationSupportsIndirectInputEvents = YES;
				INFOPLIST_KEY_UILaunchStoryboardName = LaunchScreen;
				INFOPLIST_KEY_UISupportedInterfaceOrientations_iPad = "UIInterfaceOrientationPortrait UIInterfaceOrientationPortraitUpsideDown UIInterfaceOrientationLandscapeLeft UIInterfaceOrientationLandscapeRight";
				INFOPLIST_KEY_UISupportedInterfaceOrientations_iPhone = "UIInterfaceOrientationPortrait UIInterfaceOrientationLandscapeLeft UIInterfaceOrientationLandscapeRight";
				LD_RUNPATH_SEARCH_PATHS = (
					"$(inherited)",
					"@executable_path/Frameworks",
				);
				MARKETING_VERSION = 1.0;
				PRODUCT_BUNDLE_IDENTIFIER = com.codelab.MovieHub;
				PRODUCT_NAME = "$(TARGET_NAME)";
				SWIFT_EMIT_LOC_STRINGS = YES;
				SWIFT_VERSION = 5.0;
				TARGETED_DEVICE_FAMILY = "1,2";
			};
			name = Release;
		};
		C17F588A2837EF27005F07B9 /* Debug */ = {
			isa = XCBuildConfiguration;
			buildSettings = {
				ALWAYS_EMBED_SWIFT_STANDARD_LIBRARIES = YES;
				BUNDLE_LOADER = "$(TEST_HOST)";
				CODE_SIGN_STYLE = Automatic;
				CURRENT_PROJECT_VERSION = 1;
				DEVELOPMENT_TEAM = 94YXFGFLU5;
				GENERATE_INFOPLIST_FILE = YES;
				IPHONEOS_DEPLOYMENT_TARGET = 15.4;
				MARKETING_VERSION = 1.0;
				PRODUCT_BUNDLE_IDENTIFIER = com.codelab.MovieHubTests;
				PRODUCT_NAME = "$(TARGET_NAME)";
				SWIFT_EMIT_LOC_STRINGS = NO;
				SWIFT_VERSION = 5.0;
				TARGETED_DEVICE_FAMILY = "1,2";
				TEST_HOST = "$(BUILT_PRODUCTS_DIR)/MovieHub.app/MovieHub";
			};
			name = Debug;
		};
		C17F588B2837EF27005F07B9 /* Release */ = {
			isa = XCBuildConfiguration;
			buildSettings = {
				ALWAYS_EMBED_SWIFT_STANDARD_LIBRARIES = YES;
				BUNDLE_LOADER = "$(TEST_HOST)";
				CODE_SIGN_STYLE = Automatic;
				CURRENT_PROJECT_VERSION = 1;
				DEVELOPMENT_TEAM = 94YXFGFLU5;
				GENERATE_INFOPLIST_FILE = YES;
				IPHONEOS_DEPLOYMENT_TARGET = 15.4;
				MARKETING_VERSION = 1.0;
				PRODUCT_BUNDLE_IDENTIFIER = com.codelab.MovieHubTests;
				PRODUCT_NAME = "$(TARGET_NAME)";
				SWIFT_EMIT_LOC_STRINGS = NO;
				SWIFT_VERSION = 5.0;
				TARGETED_DEVICE_FAMILY = "1,2";
				TEST_HOST = "$(BUILT_PRODUCTS_DIR)/MovieHub.app/MovieHub";
			};
			name = Release;
		};
		C17F588D2837EF27005F07B9 /* Debug */ = {
			isa = XCBuildConfiguration;
			buildSettings = {
				ALWAYS_EMBED_SWIFT_STANDARD_LIBRARIES = YES;
				CODE_SIGN_STYLE = Automatic;
				CURRENT_PROJECT_VERSION = 1;
				DEVELOPMENT_TEAM = 94YXFGFLU5;
				GENERATE_INFOPLIST_FILE = YES;
				MARKETING_VERSION = 1.0;
				PRODUCT_BUNDLE_IDENTIFIER = com.codelab.MovieHubUITests;
				PRODUCT_NAME = "$(TARGET_NAME)";
				SWIFT_EMIT_LOC_STRINGS = NO;
				SWIFT_VERSION = 5.0;
				TARGETED_DEVICE_FAMILY = "1,2";
				TEST_TARGET_NAME = MovieHub;
			};
			name = Debug;
		};
		C17F588E2837EF27005F07B9 /* Release */ = {
			isa = XCBuildConfiguration;
			buildSettings = {
				ALWAYS_EMBED_SWIFT_STANDARD_LIBRARIES = YES;
				CODE_SIGN_STYLE = Automatic;
				CURRENT_PROJECT_VERSION = 1;
				DEVELOPMENT_TEAM = 94YXFGFLU5;
				GENERATE_INFOPLIST_FILE = YES;
				MARKETING_VERSION = 1.0;
				PRODUCT_BUNDLE_IDENTIFIER = com.codelab.MovieHubUITests;
				PRODUCT_NAME = "$(TARGET_NAME)";
				SWIFT_EMIT_LOC_STRINGS = NO;
				SWIFT_VERSION = 5.0;
				TARGETED_DEVICE_FAMILY = "1,2";
				TEST_TARGET_NAME = MovieHub;
			};
			name = Release;
		};
/* End XCBuildConfiguration section */

/* Begin XCConfigurationList section */
		C17F58572837EF26005F07B9 /* Build configuration list for PBXProject "MovieHub" */ = {
			isa = XCConfigurationList;
			buildConfigurations = (
				C17F58842837EF27005F07B9 /* Debug */,
				C17F58852837EF27005F07B9 /* Release */,
			);
			defaultConfigurationIsVisible = 0;
			defaultConfigurationName = Release;
		};
		C17F58862837EF27005F07B9 /* Build configuration list for PBXNativeTarget "MovieHub" */ = {
			isa = XCConfigurationList;
			buildConfigurations = (
				C17F58872837EF27005F07B9 /* Debug */,
				C17F58882837EF27005F07B9 /* Release */,
			);
			defaultConfigurationIsVisible = 0;
			defaultConfigurationName = Release;
		};
		C17F58892837EF27005F07B9 /* Build configuration list for PBXNativeTarget "MovieHubTests" */ = {
			isa = XCConfigurationList;
			buildConfigurations = (
				C17F588A2837EF27005F07B9 /* Debug */,
				C17F588B2837EF27005F07B9 /* Release */,
			);
			defaultConfigurationIsVisible = 0;
			defaultConfigurationName = Release;
		};
		C17F588C2837EF27005F07B9 /* Build configuration list for PBXNativeTarget "MovieHubUITests" */ = {
			isa = XCConfigurationList;
			buildConfigurations = (
				C17F588D2837EF27005F07B9 /* Debug */,
				C17F588E2837EF27005F07B9 /* Release */,
			);
			defaultConfigurationIsVisible = 0;
			defaultConfigurationName = Release;
		};
/* End XCConfigurationList section */
	};
	rootObject = C17F58542837EF26005F07B9 /* Project object */;
}
